
Microsoft Visual Studio Solution File, Format Version 12.00
# Visual Studio Version 17
VisualStudioVersion = 17.0.31903.59
MinimumVisualStudioVersion = 10.0.40219.1
Project("{2150E333-8FDC-42A3-9474-1A3956D46DE8}") = "src", "src", "{827E0CD3-B72D-47B6-A68D-7590B98EB39B}"
EndProject
Project("{FAE04EC0-301F-11D3-BF4B-00C04F79EFBC}") = "AgentPlatform.Domain", "src\AgentPlatform.Domain\AgentPlatform.Domain.csproj", "{A6658FA9-0932-4B76-884F-6DCE43513677}"
EndProject
Project("{FAE04EC0-301F-11D3-BF4B-00C04F79EFBC}") = "AgentPlatform.Application", "src\AgentPlatform.Application\AgentPlatform.Application.csproj", "{391516B4-87A2-4B30-A552-6E066FC7A966}"
EndProject
Project("{FAE04EC0-301F-11D3-BF4B-00C04F79EFBC}") = "AgentPlatform.Infrastructure", "src\AgentPlatform.Infrastructure\AgentPlatform.Infrastructure.csproj", "{6C2F254D-F079-4C2C-A10C-A40B9DB61BED}"
EndProject
Project("{FAE04EC0-301F-11D3-BF4B-00C04F79EFBC}") = "AgentPlatform.Api", "src\AgentPlatform.Api\AgentPlatform.Api.csproj", "{68B720BB-2265-47CB-A0B1-BD0596938768}"
EndProject
Project("{FAE04EC0-301F-11D3-BF4B-00C04F79EFBC}") = "AgentPlatform.Bridge", "src\AgentPlatform.Bridge\AgentPlatform.Bridge.csproj", "{78BDD4DB-7D08-4F10-805E-6D7D4A7EFA66}"
EndProject
Project("{FAE04EC0-301F-11D3-BF4B-00C04F79EFBC}") = "AgentPlatform.Domain.Tests", "tests\AgentPlatform.Domain.Tests\AgentPlatform.Domain.Tests.csproj", "{868D9692-32D2-45B8-B6D5-C9C1103FAA10}"
EndProject
Project("{FAE04EC0-301F-11D3-BF4B-00C04F79EFBC}") = "AgentPlatform.Application.Tests", "tests\AgentPlatform.Application.Tests\AgentPlatform.Application.Tests.csproj", "{89FA5D79-2F6E-407E-BC5E-FD05EDB1D6B6}"
EndProject
Project("{FAE04EC0-301F-11D3-BF4B-00C04F79EFBC}") = "AgentPlatform.Infrastructure.Tests", "tests\AgentPlatform.Infrastructure.Tests\AgentPlatform.Infrastructure.Tests.csproj", "{BF5D01E4-4B0C-476F-8D7D-932570C327E2}"
EndProject
Project("{FAE04EC0-301F-11D3-BF4B-00C04F79EFBC}") = "AgentPlatform.Api.Tests", "tests\AgentPlatform.Api.Tests\AgentPlatform.Api.Tests.csproj", "{AAC29B97-82EB-402E-8013-B9F57B0929D9}"
EndProject
Project("{FAE04EC0-301F-11D3-BF4B-00C04F79EFBC}") = "AgentPlatform.Bridge.Tests", "tests\AgentPlatform.Bridge.Tests\AgentPlatform.Bridge.Tests.csproj", "{B2E1EDC4-3369-4B81-AAED-41C39E04821E}"
EndProject
Project("{FAE04EC0-301F-11D3-BF4B-00C04F79EFBC}") = "AgentPlatform.Contracts.Tests", "tests\AgentPlatform.Contracts.Tests\AgentPlatform.Contracts.Tests.csproj", "{21F26EDD-0C28-4BEA-8283-C58A9C9D3CEE}"
EndProject
Project("{FAE04EC0-301F-11D3-BF4B-00C04F79EFBC}") = "AgentPlatform.Bench", "tests\AgentPlatform.Bench\AgentPlatform.Bench.csproj", "{57746A04-D13C-41B0-B406-3D4588131BCF}"
EndProject
Global
	GlobalSection(SolutionConfigurationPlatforms) = preSolution
		Debug|Any CPU = Debug|Any CPU
		Debug|x64 = Debug|x64
		Debug|x86 = Debug|x86
		Release|Any CPU = Release|Any CPU
		Release|x64 = Release|x64
		Release|x86 = Release|x86
	EndGlobalSection
	GlobalSection(ProjectConfigurationPlatforms) = postSolution
		{A6658FA9-0932-4B76-884F-6DCE43513677}.Debug|Any CPU.ActiveCfg = Debug|Any CPU
		{A6658FA9-0932-4B76-884F-6DCE43513677}.Debug|Any CPU.Build.0 = Debug|Any CPU
		{A6658FA9-0932-4B76-884F-6DCE43513677}.Debug|x64.ActiveCfg = Debug|Any CPU
		{A6658FA9-0932-4B76-884F-6DCE43513677}.Debug|x64.Build.0 = Debug|Any CPU
		{A6658FA9-0932-4B76-884F-6DCE43513677}.Debug|x86.ActiveCfg = Debug|Any CPU
		{A6658FA9-0932-4B76-884F-6DCE43513677}.Debug|x86.Build.0 = Debug|Any CPU
		{A6658FA9-0932-4B76-884F-6DCE43513677}.Release|Any CPU.ActiveCfg = Release|Any CPU
		{A6658FA9-0932-4B76-884F-6DCE43513677}.Release|Any CPU.Build.0 = Release|Any CPU
		{A6658FA9-0932-4B76-884F-6DCE43513677}.Release|x64.ActiveCfg = Release|Any CPU
		{A6658FA9-0932-4B76-884F-6DCE43513677}.Release|x64.Build.0 = Release|Any CPU
		{A6658FA9-0932-4B76-884F-6DCE43513677}.Release|x86.ActiveCfg = Release|Any CPU
		{A6658FA9-0932-4B76-884F-6DCE43513677}.Release|x86.Build.0 = Release|Any CPU
		{391516B4-87A2-4B30-A552-6E066FC7A966}.Debug|Any CPU.ActiveCfg = Debug|Any CPU
		{391516B4-87A2-4B30-A552-6E066FC7A966}.Debug|Any CPU.Build.0 = Debug|Any CPU
		{391516B4-87A2-4B30-A552-6E066FC7A966}.Debug|x64.ActiveCfg = Debug|Any CPU
		{391516B4-87A2-4B30-A552-6E066FC7A966}.Debug|x64.Build.0 = Debug|Any CPU
		{391516B4-87A2-4B30-A552-6E066FC7A966}.Debug|x86.ActiveCfg = Debug|Any CPU
		{391516B4-87A2-4B30-A552-6E066FC7A966}.Debug|x86.Build.0 = Debug|Any CPU
		{391516B4-87A2-4B30-A552-6E066FC7A966}.Release|Any CPU.ActiveCfg = Release|Any CPU
		{391516B4-87A2-4B30-A552-6E066FC7A966}.Release|Any CPU.Build.0 = Release|Any CPU
		{391516B4-87A2-4B30-A552-6E066FC7A966}.Release|x64.ActiveCfg = Release|Any CPU
		{391516B4-87A2-4B30-A552-6E066FC7A966}.Release|x64.Build.0 = Release|Any CPU
		{391516B4-87A2-4B30-A552-6E066FC7A966}.Release|x86.ActiveCfg = Release|Any CPU
		{391516B4-87A2-4B30-A552-6E066FC7A966}.Release|x86.Build.0 = Release|Any CPU
		{6C2F254D-F079-4C2C-A10C-A40B9DB61BED}.Debug|Any CPU.ActiveCfg = Debug|Any CPU
		{6C2F254D-F079-4C2C-A10C-A40B9DB61BED}.Debug|Any CPU.Build.0 = Debug|Any CPU
		{6C2F254D-F079-4C2C-A10C-A40B9DB61BED}.Debug|x64.ActiveCfg = Debug|Any CPU
		{6C2F254D-F079-4C2C-A10C-A40B9DB61BED}.Debug|x64.Build.0 = Debug|Any CPU
		{6C2F254D-F079-4C2C-A10C-A40B9DB61BED}.Debug|x86.ActiveCfg = Debug|Any CPU
		{6C2F254D-F079-4C2C-A10C-A40B9DB61BED}.Debug|x86.Build.0 = Debug|Any CPU
		{6C2F254D-F079-4C2C-A10C-A40B9DB61BED}.Release|Any CPU.ActiveCfg = Release|Any CPU
		{6C2F254D-F079-4C2C-A10C-A40B9DB61BED}.Release|Any CPU.Build.0 = Release|Any CPU
		{6C2F254D-F079-4C2C-A10C-A40B9DB61BED}.Release|x64.ActiveCfg = Release|Any CPU
		{6C2F254D-F079-4C2C-A10C-A40B9DB61BED}.Release|x64.Build.0 = Release|Any CPU
		{6C2F254D-F079-4C2C-A10C-A40B9DB61BED}.Release|x86.ActiveCfg = Release|Any CPU
		{6C2F254D-F079-4C2C-A10C-A40B9DB61BED}.Release|x86.Build.0 = Release|Any CPU
		{68B720BB-2265-47CB-A0B1-BD0596938768}.Debug|Any CPU.ActiveCfg = Debug|Any CPU
		{68B720BB-2265-47CB-A0B1-BD0596938768}.Debug|Any CPU.Build.0 = Debug|Any CPU
		{68B720BB-2265-47CB-A0B1-BD0596938768}.Debug|x64.ActiveCfg = Debug|Any CPU
		{68B720BB-2265-47CB-A0B1-BD0596938768}.Debug|x64.Build.0 = Debug|Any CPU
		{68B720BB-2265-47CB-A0B1-BD0596938768}.Debug|x86.ActiveCfg = Debug|Any CPU
		{68B720BB-2265-47CB-A0B1-BD0596938768}.Debug|x86.Build.0 = Debug|Any CPU
		{68B720BB-2265-47CB-A0B1-BD0596938768}.Release|Any CPU.ActiveCfg = Release|Any CPU
		{68B720BB-2265-47CB-A0B1-BD0596938768}.Release|Any CPU.Build.0 = Release|Any CPU
		{68B720BB-2265-47CB-A0B1-BD0596938768}.Release|x64.ActiveCfg = Release|Any CPU
		{68B720BB-2265-47CB-A0B1-BD0596938768}.Release|x64.Build.0 = Release|Any CPU
		{68B720BB-2265-47CB-A0B1-BD0596938768}.Release|x86.ActiveCfg = Release|Any CPU
		{68B720BB-2265-47CB-A0B1-BD0596938768}.Release|x86.Build.0 = Release|Any CPU
		{78BDD4DB-7D08-4F10-805E-6D7D4A7EFA66}.Debug|Any CPU.ActiveCfg = Debug|Any CPU
		{78BDD4DB-7D08-4F10-805E-6D7D4A7EFA66}.Debug|Any CPU.Build.0 = Debug|Any CPU
		{78BDD4DB-7D08-4F10-805E-6D7D4A7EFA66}.Debug|x64.ActiveCfg = Debug|Any CPU
		{78BDD4DB-7D08-4F10-805E-6D7D4A7EFA66}.Debug|x64.Build.0 = Debug|Any CPU
		{78BDD4DB-7D08-4F10-805E-6D7D4A7EFA66}.Debug|x86.ActiveCfg = Debug|Any CPU
		{78BDD4DB-7D08-4F10-805E-6D7D4A7EFA66}.Debug|x86.Build.0 = Debug|Any CPU
		{78BDD4DB-7D08-4F10-805E-6D7D4A7EFA66}.Release|Any CPU.ActiveCfg = Release|Any CPU
		{78BDD4DB-7D08-4F10-805E-6D7D4A7EFA66}.Release|Any CPU.Build.0 = Release|Any CPU
		{78BDD4DB-7D08-4F10-805E-6D7D4A7EFA66}.Release|x64.ActiveCfg = Release|Any CPU
		{78BDD4DB-7D08-4F10-805E-6D7D4A7EFA66}.Release|x64.Build.0 = Release|Any CPU
		{78BDD4DB-7D08-4F10-805E-6D7D4A7EFA66}.Release|x86.ActiveCfg = Release|Any CPU
		{78BDD4DB-7D08-4F10-805E-6D7D4A7EFA66}.Release|x86.Build.0 = Release|Any CPU
		{868D9692-32D2-45B8-B6D5-C9C1103FAA10}.Debug|Any CPU.ActiveCfg = Debug|Any CPU
		{868D9692-32D2-45B8-B6D5-C9C1103FAA10}.Debug|Any CPU.Build.0 = Debug|Any CPU
		{868D9692-32D2-45B8-B6D5-C9C1103FAA10}.Debug|x64.ActiveCfg = Debug|Any CPU
		{868D9692-32D2-45B8-B6D5-C9C1103FAA10}.Debug|x64.Build.0 = Debug|Any CPU
		{868D9692-32D2-45B8-B6D5-C9C1103FAA10}.Debug|x86.ActiveCfg = Debug|Any CPU
		{868D9692-32D2-45B8-B6D5-C9C1103FAA10}.Debug|x86.Build.0 = Debug|Any CPU
		{868D9692-32D2-45B8-B6D5-C9C1103FAA10}.Release|Any CPU.ActiveCfg = Release|Any CPU
		{868D9692-32D2-45B8-B6D5-C9C1103FAA10}.Release|Any CPU.Build.0 = Release|Any CPU
		{868D9692-32D2-45B8-B6D5-C9C1103FAA10}.Release|x64.ActiveCfg = Release|Any CPU
		{868D9692-32D2-45B8-B6D5-C9C1103FAA10}.Release|x64.Build.0 = Release|Any CPU
		{868D9692-32D2-45B8-B6D5-C9C1103FAA10}.Release|x86.ActiveCfg = Release|Any CPU
		{868D9692-32D2-45B8-B6D5-C9C1103FAA10}.Release|x86.Build.0 = Release|Any CPU
		{89FA5D79-2F6E-407E-BC5E-FD05EDB1D6B6}.Debug|Any CPU.ActiveCfg = Debug|Any CPU
		{89FA5D79-2F6E-407E-BC5E-FD05EDB1D6B6}.Debug|Any CPU.Build.0 = Debug|Any CPU
		{89FA5D79-2F6E-407E-BC5E-FD05EDB1D6B6}.Debug|x64.ActiveCfg = Debug|Any CPU
		{89FA5D79-2F6E-407E-BC5E-FD05EDB1D6B6}.Debug|x64.Build.0 = Debug|Any CPU
		{89FA5D79-2F6E-407E-BC5E-FD05EDB1D6B6}.Debug|x86.ActiveCfg = Debug|Any CPU
		{89FA5D79-2F6E-407E-BC5E-FD05EDB1D6B6}.Debug|x86.Build.0 = Debug|Any CPU
		{89FA5D79-2F6E-407E-BC5E-FD05EDB1D6B6}.Release|Any CPU.ActiveCfg = Release|Any CPU
		{89FA5D79-2F6E-407E-BC5E-FD05EDB1D6B6}.Release|Any CPU.Build.0 = Release|Any CPU
		{89FA5D79-2F6E-407E-BC5E-FD05EDB1D6B6}.Release|x64.ActiveCfg = Release|Any CPU
		{89FA5D79-2F6E-407E-BC5E-FD05EDB1D6B6}.Release|x64.Build.0 = Release|Any CPU
		{89FA5D79-2F6E-407E-BC5E-FD05EDB1D6B6}.Release|x86.ActiveCfg = Release|Any CPU
		{89FA5D79-2F6E-407E-BC5E-FD05EDB1D6B6}.Release|x86.Build.0 = Release|Any CPU
		{BF5D01E4-4B0C-476F-8D7D-932570C327E2}.Debug|Any CPU.ActiveCfg = Debug|Any CPU
		{BF5D01E4-4B0C-476F-8D7D-932570C327E2}.Debug|Any CPU.Build.0 = Debug|Any CPU
		{BF5D01E4-4B0C-476F-8D7D-932570C327E2}.Debug|x64.ActiveCfg = Debug|Any CPU
		{BF5D01E4-4B0C-476F-8D7D-932570C327E2}.Debug|x64.Build.0 = Debug|Any CPU
		{BF5D01E4-4B0C-476F-8D7D-932570C327E2}.Debug|x86.ActiveCfg = Debug|Any CPU
		{BF5D01E4-4B0C-476F-8D7D-932570C327E2}.Debug|x86.Build.0 = Debug|Any CPU
		{BF5D01E4-4B0C-476F-8D7D-932570C327E2}.Release|Any CPU.ActiveCfg = Release|Any CPU
		{BF5D01E4-4B0C-476F-8D7D-932570C327E2}.Release|Any CPU.Build.0 = Release|Any CPU
		{BF5D01E4-4B0C-476F-8D7D-932570C327E2}.Release|x64.ActiveCfg = Release|Any CPU
		{BF5D01E4-4B0C-476F-8D7D-932570C327E2}.Release|x64.Build.0 = Release|Any CPU
		{BF5D01E4-4B0C-476F-8D7D-932570C327E2}.Release|x86.ActiveCfg = Release|Any CPU
		{BF5D01E4-4B0C-476F-8D7D-932570C327E2}.Release|x86.Build.0 = Release|Any CPU
		{AAC29B97-82EB-402E-8013-B9F57B0929D9}.Debug|Any CPU.ActiveCfg = Debug|Any CPU
		{AAC29B97-82EB-402E-8013-B9F57B0929D9}.Debug|Any CPU.Build.0 = Debug|Any CPU
		{AAC29B97-82EB-402E-8013-B9F57B0929D9}.Debug|x64.ActiveCfg = Debug|Any CPU
		{AAC29B97-82EB-402E-8013-B9F57B0929D9}.Debug|x64.Build.0 = Debug|Any CPU
		{AAC29B97-82EB-402E-8013-B9F57B0929D9}.Debug|x86.ActiveCfg = Debug|Any CPU
		{AAC29B97-82EB-402E-8013-B9F57B0929D9}.Debug|x86.Build.0 = Debug|Any CPU
		{AAC29B97-82EB-402E-8013-B9F57B0929D9}.Release|Any CPU.ActiveCfg = Release|Any CPU
		{AAC29B97-82EB-402E-8013-B9F57B0929D9}.Release|Any CPU.Build.0 = Release|Any CPU
		{AAC29B97-82EB-402E-8013-B9F57B0929D9}.Release|x64.ActiveCfg = Release|Any CPU
		{AAC29B97-82EB-402E-8013-B9F57B0929D9}.Release|x64.Build.0 = Release|Any CPU
		{AAC29B97-82EB-402E-8013-B9F57B0929D9}.Release|x86.ActiveCfg = Release|Any CPU
		{AAC29B97-82EB-402E-8013-B9F57B0929D9}.Release|x86.Build.0 = Release|Any CPU
		{B2E1EDC4-3369-4B81-AAED-41C39E04821E}.Debug|Any CPU.ActiveCfg = Debug|Any CPU
		{B2E1EDC4-3369-4B81-AAED-41C39E04821E}.Debug|Any CPU.Build.0 = Debug|Any CPU
		{B2E1EDC4-3369-4B81-AAED-41C39E04821E}.Debug|x64.ActiveCfg = Debug|Any CPU
		{B2E1EDC4-3369-4B81-AAED-41C39E04821E}.Debug|x64.Build.0 = Debug|Any CPU
		{B2E1EDC4-3369-4B81-AAED-41C39E04821E}.Debug|x86.ActiveCfg = Debug|Any CPU
		{B2E1EDC4-3369-4B81-AAED-41C39E04821E}.Debug|x86.Build.0 = Debug|Any CPU
		{B2E1EDC4-3369-4B81-AAED-41C39E04821E}.Release|Any CPU.ActiveCfg = Release|Any CPU
		{B2E1EDC4-3369-4B81-AAED-41C39E04821E}.Release|Any CPU.Build.0 = Release|Any CPU
		{B2E1EDC4-3369-4B81-AAED-41C39E04821E}.Release|x64.ActiveCfg = Release|Any CPU
		{B2E1EDC4-3369-4B81-AAED-41C39E04821E}.Release|x64.Build.0 = Release|Any CPU
		{B2E1EDC4-3369-4B81-AAED-41C39E04821E}.Release|x86.ActiveCfg = Release|Any CPU
		{B2E1EDC4-3369-4B81-AAED-41C39E04821E}.Release|x86.Build.0 = Release|Any CPU
		{21F26EDD-0C28-4BEA-8283-C58A9C9D3CEE}.Debug|Any CPU.ActiveCfg = Debug|Any CPU
		{21F26EDD-0C28-4BEA-8283-C58A9C9D3CEE}.Debug|Any CPU.Build.0 = Debug|Any CPU
		{21F26EDD-0C28-4BEA-8283-C58A9C9D3CEE}.Debug|x64.ActiveCfg = Debug|Any CPU
		{21F26EDD-0C28-4BEA-8283-C58A9C9D3CEE}.Debug|x64.Build.0 = Debug|Any CPU
		{21F26EDD-0C28-4BEA-8283-C58A9C9D3CEE}.Debug|x86.ActiveCfg = Debug|Any CPU
		{21F26EDD-0C28-4BEA-8283-C58A9C9D3CEE}.Debug|x86.Build.0 = Debug|Any CPU
		{21F26EDD-0C28-4BEA-8283-C58A9C9D3CEE}.Release|Any CPU.ActiveCfg = Release|Any CPU
		{21F26EDD-0C28-4BEA-8283-C58A9C9D3CEE}.Release|Any CPU.Build.0 = Release|Any CPU
		{21F26EDD-0C28-4BEA-8283-C58A9C9D3CEE}.Release|x64.ActiveCfg = Release|Any CPU
		{21F26EDD-0C28-4BEA-8283-C58A9C9D3CEE}.Release|x64.Build.0 = Release|Any CPU
		{21F26EDD-0C28-4BEA-8283-C58A9C9D3CEE}.Release|x86.ActiveCfg = Release|Any CPU
		{21F26EDD-0C28-4BEA-8283-C58A9C9D3CEE}.Release|x86.Build.0 = Release|Any CPU
		{57746A04-D13C-41B0-B406-3D4588131BCF}.Debug|Any CPU.ActiveCfg = Debug|Any CPU
		{57746A04-D13C-41B0-B406-3D4588131BCF}.Debug|Any CPU.Build.0 = Debug|Any CPU
		{57746A04-D13C-41B0-B406-3D4588131BCF}.Debug|x64.ActiveCfg = Debug|Any CPU
		{57746A04-D13C-41B0-B406-3D4588131BCF}.Debug|x64.Build.0 = Debug|Any CPU
		{57746A04-D13C-41B0-B406-3D4588131BCF}.Debug|x86.ActiveCfg = Debug|Any CPU
		{57746A04-D13C-41B0-B406-3D4588131BCF}.Debug|x86.Build.0 = Debug|Any CPU
		{57746A04-D13C-41B0-B406-3D4588131BCF}.Release|Any CPU.ActiveCfg = Release|Any CPU
		{57746A04-D13C-41B0-B406-3D4588131BCF}.Release|Any CPU.Build.0 = Release|Any CPU
		{57746A04-D13C-41B0-B406-3D4588131BCF}.Release|x64.ActiveCfg = Release|Any CPU
		{57746A04-D13C-41B0-B406-3D4588131BCF}.Release|x64.Build.0 = Release|Any CPU
		{57746A04-D13C-41B0-B406-3D4588131BCF}.Release|x86.ActiveCfg = Release|Any CPU
		{57746A04-D13C-41B0-B406-3D4588131BCF}.Release|x86.Build.0 = Release|Any CPU
	EndGlobalSection
	GlobalSection(SolutionProperties) = preSolution
		HideSolutionNode = FALSE
	EndGlobalSection
	GlobalSection(NestedProjects) = preSolution
		{A6658FA9-0932-4B76-884F-6DCE43513677} = {827E0CD3-B72D-47B6-A68D-7590B98EB39B}
		{391516B4-87A2-4B30-A552-6E066FC7A966} = {827E0CD3-B72D-47B6-A68D-7590B98EB39B}
		{6C2F254D-F079-4C2C-A10C-A40B9DB61BED} = {827E0CD3-B72D-47B6-A68D-7590B98EB39B}
		{68B720BB-2265-47CB-A0B1-BD0596938768} = {827E0CD3-B72D-47B6-A68D-7590B98EB39B}
		{78BDD4DB-7D08-4F10-805E-6D7D4A7EFA66} = {827E0CD3-B72D-47B6-A68D-7590B98EB39B}
		{868D9692-32D2-45B8-B6D5-C9C1103FAA10} = {827E0CD3-B72D-47B6-A68D-7590B98EB39B}
		{89FA5D79-2F6E-407E-BC5E-FD05EDB1D6B6} = {827E0CD3-B72D-47B6-A68D-7590B98EB39B}
		{BF5D01E4-4B0C-476F-8D7D-932570C327E2} = {827E0CD3-B72D-47B6-A68D-7590B98EB39B}
		{AAC29B97-82EB-402E-8013-B9F57B0929D9} = {827E0CD3-B72D-47B6-A68D-7590B98EB39B}
		{B2E1EDC4-3369-4B81-AAED-41C39E04821E} = {827E0CD3-B72D-47B6-A68D-7590B98EB39B}
		{21F26EDD-0C28-4BEA-8283-C58A9C9D3CEE} = {827E0CD3-B72D-47B6-A68D-7590B98EB39B}
		{57746A04-D13C-41B0-B406-3D4588131BCF} = {827E0CD3-B72D-47B6-A68D-7590B98EB39B}
	EndGlobalSection
EndGlobal
