
Microsoft Visual Studio Solution File, Format Version 12.00
# Visual Studio Version 17
VisualStudioVersion = 17.0.31903.59
MinimumVisualStudioVersion = 10.0.40219.1
Project("{2150E333-8FDC-42A3-9474-1A3956D46DE8}") = "src", "src", "{827E0CD3-B72D-47B6-A68D-7590B98EB39B}"
EndProject
Project("{FAE04EC0-301F-11D3-BF4B-00C04F79EFBC}") = "AgentDesktop.Domain", "src\AgentDesktop.Domain\AgentDesktop.Domain.csproj", "{20994628-25A5-417E-92F5-1B54238E64AE}"
EndProject
Project("{FAE04EC0-301F-11D3-BF4B-00C04F79EFBC}") = "AgentDesktop.Application", "src\AgentDesktop.Application\AgentDesktop.Application.csproj", "{3C4F67C1-D373-4DF5-A045-CEDCC78AD329}"
EndProject
Project("{FAE04EC0-301F-11D3-BF4B-00C04F79EFBC}") = "AgentDesktop.Infrastructure", "src\AgentDesktop.Infrastructure\AgentDesktop.Infrastructure.csproj", "{76E5F557-87E9-42E6-AF48-5AA22F4E316B}"
EndProject
Project("{FAE04EC0-301F-11D3-BF4B-00C04F79EFBC}") = "AgentDesktop.Desktop", "src\AgentDesktop.Desktop\AgentDesktop.Desktop.csproj", "{0EE5058D-BB34-4086-A181-D6C68D8494D1}"
EndProject
Project("{FAE04EC0-301F-11D3-BF4B-00C04F79EFBC}") = "AgentDesktop.Api", "src\AgentDesktop.Api\AgentDesktop.Api.csproj", "{C25D93B6-2E4E-491F-A06A-DE0DE2618697}"
EndProject
Project("{FAE04EC0-301F-11D3-BF4B-00C04F79EFBC}") = "AgentDesktop.Domain.Tests", "tests\AgentDesktop.Domain.Tests\AgentDesktop.Domain.Tests.csproj", "{2A40B71F-90FB-4191-ABD0-DFEC975033C1}"
EndProject
Project("{FAE04EC0-301F-11D3-BF4B-00C04F79EFBC}") = "AgentDesktop.Application.Tests", "tests\AgentDesktop.Application.Tests\AgentDesktop.Application.Tests.csproj", "{2B8D56DC-1E2C-49FF-A0A1-4BC2826CEB6D}"
EndProject
Project("{FAE04EC0-301F-11D3-BF4B-00C04F79EFBC}") = "AgentDesktop.Infrastructure.Tests", "tests\AgentDesktop.Infrastructure.Tests\AgentDesktop.Infrastructure.Tests.csproj", "{EFFDA93B-9426-49C5-8A78-EDE49AE41FDF}"
EndProject
Project("{FAE04EC0-301F-11D3-BF4B-00C04F79EFBC}") = "AgentDesktop.Desktop.Tests", "tests\AgentDesktop.Desktop.Tests\AgentDesktop.Desktop.Tests.csproj", "{E1009221-B939-4528-8789-E31517E3F3A4}"
EndProject
Project("{FAE04EC0-301F-11D3-BF4B-00C04F79EFBC}") = "AgentDesktop.Contracts.Tests", "tests\AgentDesktop.Contracts.Tests\AgentDesktop.Contracts.Tests.csproj", "{AE2C50BB-77BD-4D91-8C64-1B300AA49CD5}"
EndProject
Project("{FAE04EC0-301F-11D3-BF4B-00C04F79EFBC}") = "AgentDesktop.Bench", "tests\AgentDesktop.Bench\AgentDesktop.Bench.csproj", "{A9D778C6-1479-4566-BEDD-324FD20D13C4}"
EndProject
Global
	GlobalSection(SolutionConfigurationPlatforms) = preSolution
		Debug|Any CPU = Debug|Any CPU
		Debug|x64 = Debug|x64
		Debug|x86 = Debug|x86
		Release|Any CPU = Release|Any CPU
		Release|x64 = Release|x64
		Release|x86 = Release|x86
	EndGlobalSection
	GlobalSection(ProjectConfigurationPlatforms) = postSolution
		{20994628-25A5-417E-92F5-1B54238E64AE}.Debug|Any CPU.ActiveCfg = Debug|Any CPU
		{20994628-25A5-417E-92F5-1B54238E64AE}.Debug|Any CPU.Build.0 = Debug|Any CPU
		{20994628-25A5-417E-92F5-1B54238E64AE}.Debug|x64.ActiveCfg = Debug|Any CPU
		{20994628-25A5-417E-92F5-1B54238E64AE}.Debug|x64.Build.0 = Debug|Any CPU
		{20994628-25A5-417E-92F5-1B54238E64AE}.Debug|x86.ActiveCfg = Debug|Any CPU
		{20994628-25A5-417E-92F5-1B54238E64AE}.Debug|x86.Build.0 = Debug|Any CPU
		{20994628-25A5-417E-92F5-1B54238E64AE}.Release|Any CPU.ActiveCfg = Release|Any CPU
		{20994628-25A5-417E-92F5-1B54238E64AE}.Release|Any CPU.Build.0 = Release|Any CPU
		{20994628-25A5-417E-92F5-1B54238E64AE}.Release|x64.ActiveCfg = Release|Any CPU
		{20994628-25A5-417E-92F5-1B54238E64AE}.Release|x64.Build.0 = Release|Any CPU
		{20994628-25A5-417E-92F5-1B54238E64AE}.Release|x86.ActiveCfg = Release|Any CPU
		{20994628-25A5-417E-92F5-1B54238E64AE}.Release|x86.Build.0 = Release|Any CPU
		{3C4F67C1-D373-4DF5-A045-CEDCC78AD329}.Debug|Any CPU.ActiveCfg = Debug|Any CPU
		{3C4F67C1-D373-4DF5-A045-CEDCC78AD329}.Debug|Any CPU.Build.0 = Debug|Any CPU
		{3C4F67C1-D373-4DF5-A045-CEDCC78AD329}.Debug|x64.ActiveCfg = Debug|Any CPU
		{3C4F67C1-D373-4DF5-A045-CEDCC78AD329}.Debug|x64.Build.0 = Debug|Any CPU
		{3C4F67C1-D373-4DF5-A045-CEDCC78AD329}.Debug|x86.ActiveCfg = Debug|Any CPU
		{3C4F67C1-D373-4DF5-A045-CEDCC78AD329}.Debug|x86.Build.0 = Debug|Any CPU
		{3C4F67C1-D373-4DF5-A045-CEDCC78AD329}.Release|Any CPU.ActiveCfg = Release|Any CPU
		{3C4F67C1-D373-4DF5-A045-CEDCC78AD329}.Release|Any CPU.Build.0 = Release|Any CPU
		{3C4F67C1-D373-4DF5-A045-CEDCC78AD329}.Release|x64.ActiveCfg = Release|Any CPU
		{3C4F67C1-D373-4DF5-A045-CEDCC78AD329}.Release|x64.Build.0 = Release|Any CPU
		{3C4F67C1-D373-4DF5-A045-CEDCC78AD329}.Release|x86.ActiveCfg = Release|Any CPU
		{3C4F67C1-D373-4DF5-A045-CEDCC78AD329}.Release|x86.Build.0 = Release|Any CPU
		{76E5F557-87E9-42E6-AF48-5AA22F4E316B}.Debug|Any CPU.ActiveCfg = Debug|Any CPU
		{76E5F557-87E9-42E6-AF48-5AA22F4E316B}.Debug|Any CPU.Build.0 = Debug|Any CPU
		{76E5F557-87E9-42E6-AF48-5AA22F4E316B}.Debug|x64.ActiveCfg = Debug|Any CPU
		{76E5F557-87E9-42E6-AF48-5AA22F4E316B}.Debug|x64.Build.0 = Debug|Any CPU
		{76E5F557-87E9-42E6-AF48-5AA22F4E316B}.Debug|x86.ActiveCfg = Debug|Any CPU
		{76E5F557-87E9-42E6-AF48-5AA22F4E316B}.Debug|x86.Build.0 = Debug|Any CPU
		{76E5F557-87E9-42E6-AF48-5AA22F4E316B}.Release|Any CPU.ActiveCfg = Release|Any CPU
		{76E5F557-87E9-42E6-AF48-5AA22F4E316B}.Release|Any CPU.Build.0 = Release|Any CPU
		{76E5F557-87E9-42E6-AF48-5AA22F4E316B}.Release|x64.ActiveCfg = Release|Any CPU
		{76E5F557-87E9-42E6-AF48-5AA22F4E316B}.Release|x64.Build.0 = Release|Any CPU
		{76E5F557-87E9-42E6-AF48-5AA22F4E316B}.Release|x86.ActiveCfg = Release|Any CPU
		{76E5F557-87E9-42E6-AF48-5AA22F4E316B}.Release|x86.Build.0 = Release|Any CPU
		{0EE5058D-BB34-4086-A181-D6C68D8494D1}.Debug|Any CPU.ActiveCfg = Debug|Any CPU
		{0EE5058D-BB34-4086-A181-D6C68D8494D1}.Debug|Any CPU.Build.0 = Debug|Any CPU
		{0EE5058D-BB34-4086-A181-D6C68D8494D1}.Debug|x64.ActiveCfg = Debug|Any CPU
		{0EE5058D-BB34-4086-A181-D6C68D8494D1}.Debug|x64.Build.0 = Debug|Any CPU
		{0EE5058D-BB34-4086-A181-D6C68D8494D1}.Debug|x86.ActiveCfg = Debug|Any CPU
		{0EE5058D-BB34-4086-A181-D6C68D8494D1}.Debug|x86.Build.0 = Debug|Any CPU
		{0EE5058D-BB34-4086-A181-D6C68D8494D1}.Release|Any CPU.ActiveCfg = Release|Any CPU
		{0EE5058D-BB34-4086-A181-D6C68D8494D1}.Release|Any CPU.Build.0 = Release|Any CPU
		{0EE5058D-BB34-4086-A181-D6C68D8494D1}.Release|x64.ActiveCfg = Release|Any CPU
		{0EE5058D-BB34-4086-A181-D6C68D8494D1}.Release|x64.Build.0 = Release|Any CPU
		{0EE5058D-BB34-4086-A181-D6C68D8494D1}.Release|x86.ActiveCfg = Release|Any CPU
		{0EE5058D-BB34-4086-A181-D6C68D8494D1}.Release|x86.Build.0 = Release|Any CPU
		{C25D93B6-2E4E-491F-A06A-DE0DE2618697}.Debug|Any CPU.ActiveCfg = Debug|Any CPU
		{C25D93B6-2E4E-491F-A06A-DE0DE2618697}.Debug|Any CPU.Build.0 = Debug|Any CPU
		{C25D93B6-2E4E-491F-A06A-DE0DE2618697}.Debug|x64.ActiveCfg = Debug|Any CPU
		{C25D93B6-2E4E-491F-A06A-DE0DE2618697}.Debug|x64.Build.0 = Debug|Any CPU
		{C25D93B6-2E4E-491F-A06A-DE0DE2618697}.Debug|x86.ActiveCfg = Debug|Any CPU
		{C25D93B6-2E4E-491F-A06A-DE0DE2618697}.Debug|x86.Build.0 = Debug|Any CPU
		{C25D93B6-2E4E-491F-A06A-DE0DE2618697}.Release|Any CPU.ActiveCfg = Release|Any CPU
		{C25D93B6-2E4E-491F-A06A-DE0DE2618697}.Release|Any CPU.Build.0 = Release|Any CPU
		{C25D93B6-2E4E-491F-A06A-DE0DE2618697}.Release|x64.ActiveCfg = Release|Any CPU
		{C25D93B6-2E4E-491F-A06A-DE0DE2618697}.Release|x64.Build.0 = Release|Any CPU
		{C25D93B6-2E4E-491F-A06A-DE0DE2618697}.Release|x86.ActiveCfg = Release|Any CPU
		{C25D93B6-2E4E-491F-A06A-DE0DE2618697}.Release|x86.Build.0 = Release|Any CPU
		{2A40B71F-90FB-4191-ABD0-DFEC975033C1}.Debug|Any CPU.ActiveCfg = Debug|Any CPU
		{2A40B71F-90FB-4191-ABD0-DFEC975033C1}.Debug|Any CPU.Build.0 = Debug|Any CPU
		{2A40B71F-90FB-4191-ABD0-DFEC975033C1}.Debug|x64.ActiveCfg = Debug|Any CPU
		{2A40B71F-90FB-4191-ABD0-DFEC975033C1}.Debug|x64.Build.0 = Debug|Any CPU
		{2A40B71F-90FB-4191-ABD0-DFEC975033C1}.Debug|x86.ActiveCfg = Debug|Any CPU
		{2A40B71F-90FB-4191-ABD0-DFEC975033C1}.Debug|x86.Build.0 = Debug|Any CPU
		{2A40B71F-90FB-4191-ABD0-DFEC975033C1}.Release|Any CPU.ActiveCfg = Release|Any CPU
		{2A40B71F-90FB-4191-ABD0-DFEC975033C1}.Release|Any CPU.Build.0 = Release|Any CPU
		{2A40B71F-90FB-4191-ABD0-DFEC975033C1}.Release|x64.ActiveCfg = Release|Any CPU
		{2A40B71F-90FB-4191-ABD0-DFEC975033C1}.Release|x64.Build.0 = Release|Any CPU
		{2A40B71F-90FB-4191-ABD0-DFEC975033C1}.Release|x86.ActiveCfg = Release|Any CPU
		{2A40B71F-90FB-4191-ABD0-DFEC975033C1}.Release|x86.Build.0 = Release|Any CPU
		{2B8D56DC-1E2C-49FF-A0A1-4BC2826CEB6D}.Debug|Any CPU.ActiveCfg = Debug|Any CPU
		{2B8D56DC-1E2C-49FF-A0A1-4BC2826CEB6D}.Debug|Any CPU.Build.0 = Debug|Any CPU
		{2B8D56DC-1E2C-49FF-A0A1-4BC2826CEB6D}.Debug|x64.ActiveCfg = Debug|Any CPU
		{2B8D56DC-1E2C-49FF-A0A1-4BC2826CEB6D}.Debug|x64.Build.0 = Debug|Any CPU
		{2B8D56DC-1E2C-49FF-A0A1-4BC2826CEB6D}.Debug|x86.ActiveCfg = Debug|Any CPU
		{2B8D56DC-1E2C-49FF-A0A1-4BC2826CEB6D}.Debug|x86.Build.0 = Debug|Any CPU
		{2B8D56DC-1E2C-49FF-A0A1-4BC2826CEB6D}.Release|Any CPU.ActiveCfg = Release|Any CPU
		{2B8D56DC-1E2C-49FF-A0A1-4BC2826CEB6D}.Release|Any CPU.Build.0 = Release|Any CPU
		{2B8D56DC-1E2C-49FF-A0A1-4BC2826CEB6D}.Release|x64.ActiveCfg = Release|Any CPU
		{2B8D56DC-1E2C-49FF-A0A1-4BC2826CEB6D}.Release|x64.Build.0 = Release|Any CPU
		{2B8D56DC-1E2C-49FF-A0A1-4BC2826CEB6D}.Release|x86.ActiveCfg = Release|Any CPU
		{2B8D56DC-1E2C-49FF-A0A1-4BC2826CEB6D}.Release|x86.Build.0 = Release|Any CPU
		{EFFDA93B-9426-49C5-8A78-EDE49AE41FDF}.Debug|Any CPU.ActiveCfg = Debug|Any CPU
		{EFFDA93B-9426-49C5-8A78-EDE49AE41FDF}.Debug|Any CPU.Build.0 = Debug|Any CPU
		{EFFDA93B-9426-49C5-8A78-EDE49AE41FDF}.Debug|x64.ActiveCfg = Debug|Any CPU
		{EFFDA93B-9426-49C5-8A78-EDE49AE41FDF}.Debug|x64.Build.0 = Debug|Any CPU
		{EFFDA93B-9426-49C5-8A78-EDE49AE41FDF}.Debug|x86.ActiveCfg = Debug|Any CPU
		{EFFDA93B-9426-49C5-8A78-EDE49AE41FDF}.Debug|x86.Build.0 = Debug|Any CPU
		{EFFDA93B-9426-49C5-8A78-EDE49AE41FDF}.Release|Any CPU.ActiveCfg = Release|Any CPU
		{EFFDA93B-9426-49C5-8A78-EDE49AE41FDF}.Release|Any CPU.Build.0 = Release|Any CPU
		{EFFDA93B-9426-49C5-8A78-EDE49AE41FDF}.Release|x64.ActiveCfg = Release|Any CPU
		{EFFDA93B-9426-49C5-8A78-EDE49AE41FDF}.Release|x64.Build.0 = Release|Any CPU
		{EFFDA93B-9426-49C5-8A78-EDE49AE41FDF}.Release|x86.ActiveCfg = Release|Any CPU
		{EFFDA93B-9426-49C5-8A78-EDE49AE41FDF}.Release|x86.Build.0 = Release|Any CPU
		{E1009221-B939-4528-8789-E31517E3F3A4}.Debug|Any CPU.ActiveCfg = Debug|Any CPU
		{E1009221-B939-4528-8789-E31517E3F3A4}.Debug|Any CPU.Build.0 = Debug|Any CPU
		{E1009221-B939-4528-8789-E31517E3F3A4}.Debug|x64.ActiveCfg = Debug|Any CPU
		{E1009221-B939-4528-8789-E31517E3F3A4}.Debug|x64.Build.0 = Debug|Any CPU
		{E1009221-B939-4528-8789-E31517E3F3A4}.Debug|x86.ActiveCfg = Debug|Any CPU
		{E1009221-B939-4528-8789-E31517E3F3A4}.Debug|x86.Build.0 = Debug|Any CPU
		{E1009221-B939-4528-8789-E31517E3F3A4}.Release|Any CPU.ActiveCfg = Release|Any CPU
		{E1009221-B939-4528-8789-E31517E3F3A4}.Release|Any CPU.Build.0 = Release|Any CPU
		{E1009221-B939-4528-8789-E31517E3F3A4}.Release|x64.ActiveCfg = Release|Any CPU
		{E1009221-B939-4528-8789-E31517E3F3A4}.Release|x64.Build.0 = Release|Any CPU
		{E1009221-B939-4528-8789-E31517E3F3A4}.Release|x86.ActiveCfg = Release|Any CPU
		{E1009221-B939-4528-8789-E31517E3F3A4}.Release|x86.Build.0 = Release|Any CPU
		{AE2C50BB-77BD-4D91-8C64-1B300AA49CD5}.Debug|Any CPU.ActiveCfg = Debug|Any CPU
		{AE2C50BB-77BD-4D91-8C64-1B300AA49CD5}.Debug|Any CPU.Build.0 = Debug|Any CPU
		{AE2C50BB-77BD-4D91-8C64-1B300AA49CD5}.Debug|x64.ActiveCfg = Debug|Any CPU
		{AE2C50BB-77BD-4D91-8C64-1B300AA49CD5}.Debug|x64.Build.0 = Debug|Any CPU
		{AE2C50BB-77BD-4D91-8C64-1B300AA49CD5}.Debug|x86.ActiveCfg = Debug|Any CPU
		{AE2C50BB-77BD-4D91-8C64-1B300AA49CD5}.Debug|x86.Build.0 = Debug|Any CPU
		{AE2C50BB-77BD-4D91-8C64-1B300AA49CD5}.Release|Any CPU.ActiveCfg = Release|Any CPU
		{AE2C50BB-77BD-4D91-8C64-1B300AA49CD5}.Release|Any CPU.Build.0 = Release|Any CPU
		{AE2C50BB-77BD-4D91-8C64-1B300AA49CD5}.Release|x64.ActiveCfg = Release|Any CPU
		{AE2C50BB-77BD-4D91-8C64-1B300AA49CD5}.Release|x64.Build.0 = Release|Any CPU
		{AE2C50BB-77BD-4D91-8C64-1B300AA49CD5}.Release|x86.ActiveCfg = Release|Any CPU
		{AE2C50BB-77BD-4D91-8C64-1B300AA49CD5}.Release|x86.Build.0 = Release|Any CPU
		{A9D778C6-1479-4566-BEDD-324FD20D13C4}.Debug|Any CPU.ActiveCfg = Debug|Any CPU
		{A9D778C6-1479-4566-BEDD-324FD20D13C4}.Debug|Any CPU.Build.0 = Debug|Any CPU
		{A9D778C6-1479-4566-BEDD-324FD20D13C4}.Debug|x64.ActiveCfg = Debug|Any CPU
		{A9D778C6-1479-4566-BEDD-324FD20D13C4}.Debug|x64.Build.0 = Debug|Any CPU
		{A9D778C6-1479-4566-BEDD-324FD20D13C4}.Debug|x86.ActiveCfg = Debug|Any CPU
		{A9D778C6-1479-4566-BEDD-324FD20D13C4}.Debug|x86.Build.0 = Debug|Any CPU
		{A9D778C6-1479-4566-BEDD-324FD20D13C4}.Release|Any CPU.ActiveCfg = Release|Any CPU
		{A9D778C6-1479-4566-BEDD-324FD20D13C4}.Release|Any CPU.Build.0 = Release|Any CPU
		{A9D778C6-1479-4566-BEDD-324FD20D13C4}.Release|x64.ActiveCfg = Release|Any CPU
		{A9D778C6-1479-4566-BEDD-324FD20D13C4}.Release|x64.Build.0 = Release|Any CPU
		{A9D778C6-1479-4566-BEDD-324FD20D13C4}.Release|x86.ActiveCfg = Release|Any CPU
		{A9D778C6-1479-4566-BEDD-324FD20D13C4}.Release|x86.Build.0 = Release|Any CPU
	EndGlobalSection
	GlobalSection(SolutionProperties) = preSolution
		HideSolutionNode = FALSE
	EndGlobalSection
	GlobalSection(NestedProjects) = preSolution
		{20994628-25A5-417E-92F5-1B54238E64AE} = {827E0CD3-B72D-47B6-A68D-7590B98EB39B}
		{3C4F67C1-D373-4DF5-A045-CEDCC78AD329} = {827E0CD3-B72D-47B6-A68D-7590B98EB39B}
		{76E5F557-87E9-42E6-AF48-5AA22F4E316B} = {827E0CD3-B72D-47B6-A68D-7590B98EB39B}
		{0EE5058D-BB34-4086-A181-D6C68D8494D1} = {827E0CD3-B72D-47B6-A68D-7590B98EB39B}
		{C25D93B6-2E4E-491F-A06A-DE0DE2618697} = {827E0CD3-B72D-47B6-A68D-7590B98EB39B}
		{2A40B71F-90FB-4191-ABD0-DFEC975033C1} = {827E0CD3-B72D-47B6-A68D-7590B98EB39B}
		{2B8D56DC-1E2C-49FF-A0A1-4BC2826CEB6D} = {827E0CD3-B72D-47B6-A68D-7590B98EB39B}
		{EFFDA93B-9426-49C5-8A78-EDE49AE41FDF} = {827E0CD3-B72D-47B6-A68D-7590B98EB39B}
		{E1009221-B939-4528-8789-E31517E3F3A4} = {827E0CD3-B72D-47B6-A68D-7590B98EB39B}
		{AE2C50BB-77BD-4D91-8C64-1B300AA49CD5} = {827E0CD3-B72D-47B6-A68D-7590B98EB39B}
		{A9D778C6-1479-4566-BEDD-324FD20D13C4} = {827E0CD3-B72D-47B6-A68D-7590B98EB39B}
	EndGlobalSection
EndGlobal
